// !$*UTF8*$!
{
	archiveVersion = 1;
	classes = {
	};
	objectVersion = 46;
	objects = {

/* Begin PBXBuildFile section */
		6C04CDF71BA6648B00547392 /* CoreRecorder.m in Sources */ = {isa = PBXBuildFile; fileRef = 6C04CDF61BA6648B00547392 /* CoreRecorder.m */; };
		6C04CDFA1BA664B600547392 /* VideoEncoder.m in Sources */ = {isa = PBXBuildFile; fileRef = 6C04CDF91BA664B600547392 /* VideoEncoder.m */; };
		6C04CDFD1BA7BB4200547392 /* StreamOutput.m in Sources */ = {isa = PBXBuildFile; fileRef = 6C04CDFC1BA7BB4200547392 /* StreamOutput.m */; };
		6C04CE001BA7C02100547392 /* AudioEncoder.m in Sources */ = {isa = PBXBuildFile; fileRef = 6C04CDFF1BA7C02100547392 /* AudioEncoder.m */; };
		6C04CE041BA8005800547392 /* HardwareVideoEncoder.m in Sources */ = {isa = PBXBuildFile; fileRef = 6C04CE031BA8005800547392 /* HardwareVideoEncoder.m */; };
		6C04CE071BA80D4700547392 /* FileStreamOutput.m in Sources */ = {isa = PBXBuildFile; fileRef = 6C04CE061BA80D4700547392 /* FileStreamOutput.m */; };
		6C24F2451BA9526300D4A1BF /* RotationAwareNavigationController.m in Sources */ = {isa = PBXBuildFile; fileRef = 6C24F2441BA9526300D4A1BF /* RotationAwareNavigationController.m */; };
		6C24F2481BAA55C400D4A1BF /* HardwareAudioEncoder.m in Sources */ = {isa = PBXBuildFile; fileRef = 6C24F2471BAA55C400D4A1BF /* HardwareAudioEncoder.m */; };
		6C50AF811B9D2153000AF626 /* CaptureView.m in Sources */ = {isa = PBXBuildFile; fileRef = 6C50AF801B9D2153000AF626 /* CaptureView.m */; };
		6C7862E51B997F5F00E3F318 /* main.m in Sources */ = {isa = PBXBuildFile; fileRef = 6C7862E41B997F5F00E3F318 /* main.m */; };
		6C7862E81B997F5F00E3F318 /* AppDelegate.m in Sources */ = {isa = PBXBuildFile; fileRef = 6C7862E71B997F5F00E3F318 /* AppDelegate.m */; };
		6C7862EB1B997F5F00E3F318 /* ViewController.m in Sources */ = {isa = PBXBuildFile; fileRef = 6C7862EA1B997F5F00E3F318 /* ViewController.m */; };
		6C7862EE1B997F5F00E3F318 /* Main.storyboard in Resources */ = {isa = PBXBuildFile; fileRef = 6C7862EC1B997F5F00E3F318 /* Main.storyboard */; };
		6C7862F01B997F5F00E3F318 /* Images.xcassets in Resources */ = {isa = PBXBuildFile; fileRef = 6C7862EF1B997F5F00E3F318 /* Images.xcassets */; };
		6C7862F31B997F5F00E3F318 /* LaunchScreen.xib in Resources */ = {isa = PBXBuildFile; fileRef = 6C7862F11B997F5F00E3F318 /* LaunchScreen.xib */; };
		6C7862FF1B997F5F00E3F318 /* LiveRecorderTests.m in Sources */ = {isa = PBXBuildFile; fileRef = 6C7862FE1B997F5F00E3F318 /* LiveRecorderTests.m */; };
		6C78630D1B99842E00E3F318 /* CaptureViewController.m in Sources */ = {isa = PBXBuildFile; fileRef = 6C78630C1B99842E00E3F318 /* CaptureViewController.m */; };
		881D080C1BB11CE20028405F /* LiveStreamOutput.m in Sources */ = {isa = PBXBuildFile; fileRef = 881D080B1BB11CE20028405F /* LiveStreamOutput.m */; settings = {ASSET_TAGS = (); }; };
		881D081C1BB11CF90028405F /* librtmp.a in Frameworks */ = {isa = PBXBuildFile; fileRef = 881D081B1BB11CF90028405F /* librtmp.a */; settings = {ASSET_TAGS = (); }; };
		F78BE2391BB25F57008FF0E1 /* libx264.a in Frameworks */ = {isa = PBXBuildFile; fileRef = F78BE2381BB25F57008FF0E1 /* libx264.a */; settings = {ASSET_TAGS = (); }; };
		F78BE23C1BB25F68008FF0E1 /* SoftwareVideoEncoder.m in Sources */ = {isa = PBXBuildFile; fileRef = F78BE23B1BB25F68008FF0E1 /* SoftwareVideoEncoder.m */; settings = {ASSET_TAGS = (); }; };
/* End PBXBuildFile section */

/* Begin PBXContainerItemProxy section */
		6C7862F91B997F5F00E3F318 /* PBXContainerItemProxy */ = {
			isa = PBXContainerItemProxy;
			containerPortal = 6C7862D71B997F5F00E3F318 /* Project object */;
			proxyType = 1;
			remoteGlobalIDString = 6C7862DE1B997F5F00E3F318;
			remoteInfo = LiveRecorder;
		};
/* End PBXContainerItemProxy section */

/* Begin PBXFileReference section */
		6C04CDF51BA6648B00547392 /* CoreRecorder.h */ = {isa = PBXFileReference; fileEncoding = 4; lastKnownFileType = sourcecode.c.h; path = CoreRecorder.h; sourceTree = "<group>"; };
		6C04CDF61BA6648B00547392 /* CoreRecorder.m */ = {isa = PBXFileReference; fileEncoding = 4; lastKnownFileType = sourcecode.c.objc; path = CoreRecorder.m; sourceTree = "<group>"; };
		6C04CDF81BA664B600547392 /* VideoEncoder.h */ = {isa = PBXFileReference; fileEncoding = 4; lastKnownFileType = sourcecode.c.h; path = VideoEncoder.h; sourceTree = "<group>"; };
		6C04CDF91BA664B600547392 /* VideoEncoder.m */ = {isa = PBXFileReference; fileEncoding = 4; lastKnownFileType = sourcecode.c.objc; path = VideoEncoder.m; sourceTree = "<group>"; };
		6C04CDFB1BA7BB4200547392 /* StreamOutput.h */ = {isa = PBXFileReference; fileEncoding = 4; lastKnownFileType = sourcecode.c.h; path = StreamOutput.h; sourceTree = "<group>"; };
		6C04CDFC1BA7BB4200547392 /* StreamOutput.m */ = {isa = PBXFileReference; fileEncoding = 4; lastKnownFileType = sourcecode.c.objc; path = StreamOutput.m; sourceTree = "<group>"; };
		6C04CDFE1BA7C02100547392 /* AudioEncoder.h */ = {isa = PBXFileReference; fileEncoding = 4; lastKnownFileType = sourcecode.c.h; path = AudioEncoder.h; sourceTree = "<group>"; };
		6C04CDFF1BA7C02100547392 /* AudioEncoder.m */ = {isa = PBXFileReference; fileEncoding = 4; lastKnownFileType = sourcecode.c.objc; path = AudioEncoder.m; sourceTree = "<group>"; };
		6C04CE021BA8005800547392 /* HardwareVideoEncoder.h */ = {isa = PBXFileReference; fileEncoding = 4; lastKnownFileType = sourcecode.c.h; path = HardwareVideoEncoder.h; sourceTree = "<group>"; };
		6C04CE031BA8005800547392 /* HardwareVideoEncoder.m */ = {isa = PBXFileReference; fileEncoding = 4; lastKnownFileType = sourcecode.c.objc; path = HardwareVideoEncoder.m; sourceTree = "<group>"; };
		6C04CE051BA80D4700547392 /* FileStreamOutput.h */ = {isa = PBXFileReference; fileEncoding = 4; lastKnownFileType = sourcecode.c.h; path = FileStreamOutput.h; sourceTree = "<group>"; };
		6C04CE061BA80D4700547392 /* FileStreamOutput.m */ = {isa = PBXFileReference; fileEncoding = 4; lastKnownFileType = sourcecode.c.objc; path = FileStreamOutput.m; sourceTree = "<group>"; };
		6C24F2431BA9526300D4A1BF /* RotationAwareNavigationController.h */ = {isa = PBXFileReference; fileEncoding = 4; lastKnownFileType = sourcecode.c.h; path = RotationAwareNavigationController.h; sourceTree = "<group>"; };
		6C24F2441BA9526300D4A1BF /* RotationAwareNavigationController.m */ = {isa = PBXFileReference; fileEncoding = 4; lastKnownFileType = sourcecode.c.objc; path = RotationAwareNavigationController.m; sourceTree = "<group>"; };
		6C24F2461BAA55C400D4A1BF /* HardwareAudioEncoder.h */ = {isa = PBXFileReference; fileEncoding = 4; lastKnownFileType = sourcecode.c.h; path = HardwareAudioEncoder.h; sourceTree = "<group>"; };
		6C24F2471BAA55C400D4A1BF /* HardwareAudioEncoder.m */ = {isa = PBXFileReference; fileEncoding = 4; lastKnownFileType = sourcecode.c.objc; path = HardwareAudioEncoder.m; sourceTree = "<group>"; };
		6C50AF7F1B9D2153000AF626 /* CaptureView.h */ = {isa = PBXFileReference; fileEncoding = 4; lastKnownFileType = sourcecode.c.h; path = CaptureView.h; sourceTree = "<group>"; };
		6C50AF801B9D2153000AF626 /* CaptureView.m */ = {isa = PBXFileReference; fileEncoding = 4; lastKnownFileType = sourcecode.c.objc; path = CaptureView.m; sourceTree = "<group>"; };
		6C7862DF1B997F5F00E3F318 /* LiveRecorder.app */ = {isa = PBXFileReference; explicitFileType = wrapper.application; includeInIndex = 0; path = LiveRecorder.app; sourceTree = BUILT_PRODUCTS_DIR; };
		6C7862E31B997F5F00E3F318 /* Info.plist */ = {isa = PBXFileReference; lastKnownFileType = text.plist.xml; path = Info.plist; sourceTree = "<group>"; };
		6C7862E41B997F5F00E3F318 /* main.m */ = {isa = PBXFileReference; lastKnownFileType = sourcecode.c.objc; path = main.m; sourceTree = "<group>"; };
		6C7862E61B997F5F00E3F318 /* AppDelegate.h */ = {isa = PBXFileReference; lastKnownFileType = sourcecode.c.h; path = AppDelegate.h; sourceTree = "<group>"; };
		6C7862E71B997F5F00E3F318 /* AppDelegate.m */ = {isa = PBXFileReference; lastKnownFileType = sourcecode.c.objc; path = AppDelegate.m; sourceTree = "<group>"; };
		6C7862E91B997F5F00E3F318 /* ViewController.h */ = {isa = PBXFileReference; lastKnownFileType = sourcecode.c.h; path = ViewController.h; sourceTree = "<group>"; };
		6C7862EA1B997F5F00E3F318 /* ViewController.m */ = {isa = PBXFileReference; lastKnownFileType = sourcecode.c.objc; path = ViewController.m; sourceTree = "<group>"; };
		6C7862ED1B997F5F00E3F318 /* Base */ = {isa = PBXFileReference; lastKnownFileType = file.storyboard; name = Base; path = Base.lproj/Main.storyboard; sourceTree = "<group>"; };
		6C7862EF1B997F5F00E3F318 /* Images.xcassets */ = {isa = PBXFileReference; lastKnownFileType = folder.assetcatalog; path = Images.xcassets; sourceTree = "<group>"; };
		6C7862F21B997F5F00E3F318 /* Base */ = {isa = PBXFileReference; lastKnownFileType = file.xib; name = Base; path = Base.lproj/LaunchScreen.xib; sourceTree = "<group>"; };
		6C7862F81B997F5F00E3F318 /* LiveRecorderTests.xctest */ = {isa = PBXFileReference; explicitFileType = wrapper.cfbundle; includeInIndex = 0; path = LiveRecorderTests.xctest; sourceTree = BUILT_PRODUCTS_DIR; };
		6C7862FD1B997F5F00E3F318 /* Info.plist */ = {isa = PBXFileReference; lastKnownFileType = text.plist.xml; path = Info.plist; sourceTree = "<group>"; };
		6C7862FE1B997F5F00E3F318 /* LiveRecorderTests.m */ = {isa = PBXFileReference; lastKnownFileType = sourcecode.c.objc; path = LiveRecorderTests.m; sourceTree = "<group>"; };
		6C78630B1B99842E00E3F318 /* CaptureViewController.h */ = {isa = PBXFileReference; fileEncoding = 4; lastKnownFileType = sourcecode.c.h; path = CaptureViewController.h; sourceTree = "<group>"; };
		6C78630C1B99842E00E3F318 /* CaptureViewController.m */ = {isa = PBXFileReference; fileEncoding = 4; lastKnownFileType = sourcecode.c.objc; path = CaptureViewController.m; sourceTree = "<group>"; };
		881D080A1BB11CE20028405F /* LiveStreamOutput.h */ = {isa = PBXFileReference; fileEncoding = 4; lastKnownFileType = sourcecode.c.h; path = LiveStreamOutput.h; sourceTree = "<group>"; };
		881D080B1BB11CE20028405F /* LiveStreamOutput.m */ = {isa = PBXFileReference; fileEncoding = 4; lastKnownFileType = sourcecode.c.objc; path = LiveStreamOutput.m; sourceTree = "<group>"; };
		881D08101BB11CF90028405F /* amf.h */ = {isa = PBXFileReference; fileEncoding = 4; lastKnownFileType = sourcecode.c.h; path = amf.h; sourceTree = "<group>"; };
		881D08111BB11CF90028405F /* bytes.h */ = {isa = PBXFileReference; fileEncoding = 4; lastKnownFileType = sourcecode.c.h; path = bytes.h; sourceTree = "<group>"; };
		881D08121BB11CF90028405F /* dh.h */ = {isa = PBXFileReference; fileEncoding = 4; lastKnownFileType = sourcecode.c.h; path = dh.h; sourceTree = "<group>"; };
		881D08131BB11CF90028405F /* dhgroups.h */ = {isa = PBXFileReference; fileEncoding = 4; lastKnownFileType = sourcecode.c.h; path = dhgroups.h; sourceTree = "<group>"; };
		881D08141BB11CF90028405F /* handshake.h */ = {isa = PBXFileReference; fileEncoding = 4; lastKnownFileType = sourcecode.c.h; path = handshake.h; sourceTree = "<group>"; };
		881D08151BB11CF90028405F /* http.h */ = {isa = PBXFileReference; fileEncoding = 4; lastKnownFileType = sourcecode.c.h; path = http.h; sourceTree = "<group>"; };
		881D08161BB11CF90028405F /* log.h */ = {isa = PBXFileReference; fileEncoding = 4; lastKnownFileType = sourcecode.c.h; path = log.h; sourceTree = "<group>"; };
		881D08171BB11CF90028405F /* rtmp.h */ = {isa = PBXFileReference; fileEncoding = 4; lastKnownFileType = sourcecode.c.h; path = rtmp.h; sourceTree = "<group>"; };
		881D08181BB11CF90028405F /* rtmp_sys.h */ = {isa = PBXFileReference; fileEncoding = 4; lastKnownFileType = sourcecode.c.h; path = rtmp_sys.h; sourceTree = "<group>"; };
		881D08191BB11CF90028405F /* SpsDecode.h */ = {isa = PBXFileReference; fileEncoding = 4; lastKnownFileType = sourcecode.c.h; path = SpsDecode.h; sourceTree = "<group>"; };
		881D081B1BB11CF90028405F /* librtmp.a */ = {isa = PBXFileReference; lastKnownFileType = archive.ar; path = librtmp.a; sourceTree = "<group>"; };
		F78BE2351BB25F57008FF0E1 /* x264.h */ = {isa = PBXFileReference; fileEncoding = 4; lastKnownFileType = sourcecode.c.h; path = x264.h; sourceTree = "<group>"; };
		F78BE2361BB25F57008FF0E1 /* x264_config.h */ = {isa = PBXFileReference; fileEncoding = 4; lastKnownFileType = sourcecode.c.h; path = x264_config.h; sourceTree = "<group>"; };
		F78BE2381BB25F57008FF0E1 /* libx264.a */ = {isa = PBXFileReference; lastKnownFileType = archive.ar; path = libx264.a; sourceTree = "<group>"; };
		F78BE23A1BB25F68008FF0E1 /* SoftwareVideoEncoder.h */ = {isa = PBXFileReference; fileEncoding = 4; lastKnownFileType = sourcecode.c.h; path = SoftwareVideoEncoder.h; sourceTree = "<group>"; };
		F78BE23B1BB25F68008FF0E1 /* SoftwareVideoEncoder.m */ = {isa = PBXFileReference; fileEncoding = 4; lastKnownFileType = sourcecode.c.objc; path = SoftwareVideoEncoder.m; sourceTree = "<group>"; };
/* End PBXFileReference section */

/* Begin PBXFrameworksBuildPhase section */
		6C7862DC1B997F5F00E3F318 /* Frameworks */ = {
			isa = PBXFrameworksBuildPhase;
			buildActionMask = 2147483647;
			files = (
				881D081C1BB11CF90028405F /* librtmp.a in Frameworks */,
				F78BE2391BB25F57008FF0E1 /* libx264.a in Frameworks */,
			);
			runOnlyForDeploymentPostprocessing = 0;
		};
		6C7862F51B997F5F00E3F318 /* Frameworks */ = {
			isa = PBXFrameworksBuildPhase;
			buildActionMask = 2147483647;
			files = (
			);
			runOnlyForDeploymentPostprocessing = 0;
		};
/* End PBXFrameworksBuildPhase section */

/* Begin PBXGroup section */
		6C04CE011BA7C05700547392 /* CoreRecorder */ = {
			isa = PBXGroup;
			children = (
				6C04CDFE1BA7C02100547392 /* AudioEncoder.h */,
				6C04CDFF1BA7C02100547392 /* AudioEncoder.m */,
				6C04CDF51BA6648B00547392 /* CoreRecorder.h */,
				6C04CDF61BA6648B00547392 /* CoreRecorder.m */,
				6C04CE051BA80D4700547392 /* FileStreamOutput.h */,
				6C04CE061BA80D4700547392 /* FileStreamOutput.m */,
				6C24F2461BAA55C400D4A1BF /* HardwareAudioEncoder.h */,
				6C24F2471BAA55C400D4A1BF /* HardwareAudioEncoder.m */,
				6C04CE021BA8005800547392 /* HardwareVideoEncoder.h */,
				6C04CE031BA8005800547392 /* HardwareVideoEncoder.m */,
				881D080A1BB11CE20028405F /* LiveStreamOutput.h */,
				881D080B1BB11CE20028405F /* LiveStreamOutput.m */,
				F78BE23A1BB25F68008FF0E1 /* SoftwareVideoEncoder.h */,
				F78BE23B1BB25F68008FF0E1 /* SoftwareVideoEncoder.m */,
				6C04CDFB1BA7BB4200547392 /* StreamOutput.h */,
				6C04CDFC1BA7BB4200547392 /* StreamOutput.m */,
				6C04CDF81BA664B600547392 /* VideoEncoder.h */,
				6C04CDF91BA664B600547392 /* VideoEncoder.m */,
			);
			name = CoreRecorder;
			path = LiveRecorder;
			sourceTree = "<group>";
		};
		6C7862D61B997F5F00E3F318 = {
			isa = PBXGroup;
			children = (
				881D080D1BB11CF90028405F /* thirdparty */,
				6C04CE011BA7C05700547392 /* CoreRecorder */,
				6C7862E11B997F5F00E3F318 /* LiveRecorder */,
				6C7862FB1B997F5F00E3F318 /* LiveRecorderTests */,
				6C7862E01B997F5F00E3F318 /* Products */,
			);
			sourceTree = "<group>";
		};
		6C7862E01B997F5F00E3F318 /* Products */ = {
			isa = PBXGroup;
			children = (
				6C7862DF1B997F5F00E3F318 /* LiveRecorder.app */,
				6C7862F81B997F5F00E3F318 /* LiveRecorderTests.xctest */,
			);
			name = Products;
			sourceTree = "<group>";
		};
		6C7862E11B997F5F00E3F318 /* LiveRecorder */ = {
			isa = PBXGroup;
			children = (
				6C7862E61B997F5F00E3F318 /* AppDelegate.h */,
				6C7862E71B997F5F00E3F318 /* AppDelegate.m */,
				6C7862E91B997F5F00E3F318 /* ViewController.h */,
				6C7862EA1B997F5F00E3F318 /* ViewController.m */,
				6C7862EC1B997F5F00E3F318 /* Main.storyboard */,
				6C24F2431BA9526300D4A1BF /* RotationAwareNavigationController.h */,
				6C24F2441BA9526300D4A1BF /* RotationAwareNavigationController.m */,
				6C50AF7F1B9D2153000AF626 /* CaptureView.h */,
				6C50AF801B9D2153000AF626 /* CaptureView.m */,
				6C7862EF1B997F5F00E3F318 /* Images.xcassets */,
				6C7862F11B997F5F00E3F318 /* LaunchScreen.xib */,
				6C7862E21B997F5F00E3F318 /* Supporting Files */,
				6C78630B1B99842E00E3F318 /* CaptureViewController.h */,
				6C78630C1B99842E00E3F318 /* CaptureViewController.m */,
			);
			path = LiveRecorder;
			sourceTree = "<group>";
		};
		6C7862E21B997F5F00E3F318 /* Supporting Files */ = {
			isa = PBXGroup;
			children = (
				6C7862E31B997F5F00E3F318 /* Info.plist */,
				6C7862E41B997F5F00E3F318 /* main.m */,
			);
			name = "Supporting Files";
			sourceTree = "<group>";
		};
		6C7862FB1B997F5F00E3F318 /* LiveRecorderTests */ = {
			isa = PBXGroup;
			children = (
				6C7862FE1B997F5F00E3F318 /* LiveRecorderTests.m */,
				6C7862FC1B997F5F00E3F318 /* Supporting Files */,
			);
			path = LiveRecorderTests;
			sourceTree = "<group>";
		};
		6C7862FC1B997F5F00E3F318 /* Supporting Files */ = {
			isa = PBXGroup;
			children = (
				6C7862FD1B997F5F00E3F318 /* Info.plist */,
			);
			name = "Supporting Files";
			sourceTree = "<group>";
		};
		881D080D1BB11CF90028405F /* thirdparty */ = {
			isa = PBXGroup;
			children = (
				F78BE2331BB25F57008FF0E1 /* libx264 */,
				881D080E1BB11CF90028405F /* librtmp */,
			);
			name = thirdparty;
			path = LiveRecorder/thirdparty;
			sourceTree = "<group>";
		};
		881D080E1BB11CF90028405F /* librtmp */ = {
			isa = PBXGroup;
			children = (
				881D080F1BB11CF90028405F /* include */,
				881D081A1BB11CF90028405F /* lib */,
			);
			path = librtmp;
			sourceTree = "<group>";
		};
		881D080F1BB11CF90028405F /* include */ = {
			isa = PBXGroup;
			children = (
				881D08101BB11CF90028405F /* amf.h */,
				881D08111BB11CF90028405F /* bytes.h */,
				881D08121BB11CF90028405F /* dh.h */,
				881D08131BB11CF90028405F /* dhgroups.h */,
				881D08141BB11CF90028405F /* handshake.h */,
				881D08151BB11CF90028405F /* http.h */,
				881D08161BB11CF90028405F /* log.h */,
				881D08171BB11CF90028405F /* rtmp.h */,
				881D08181BB11CF90028405F /* rtmp_sys.h */,
				881D08191BB11CF90028405F /* SpsDecode.h */,
			);
			path = include;
			sourceTree = "<group>";
		};
		881D081A1BB11CF90028405F /* lib */ = {
			isa = PBXGroup;
			children = (
				881D081B1BB11CF90028405F /* librtmp.a */,
			);
			path = lib;
			sourceTree = "<group>";
		};
		F78BE2331BB25F57008FF0E1 /* libx264 */ = {
			isa = PBXGroup;
			children = (
				F78BE2341BB25F57008FF0E1 /* include */,
				F78BE2371BB25F57008FF0E1 /* lib */,
			);
			path = libx264;
			sourceTree = "<group>";
		};
		F78BE2341BB25F57008FF0E1 /* include */ = {
			isa = PBXGroup;
			children = (
				F78BE2351BB25F57008FF0E1 /* x264.h */,
				F78BE2361BB25F57008FF0E1 /* x264_config.h */,
			);
			path = include;
			sourceTree = "<group>";
		};
		F78BE2371BB25F57008FF0E1 /* lib */ = {
			isa = PBXGroup;
			children = (
				F78BE2381BB25F57008FF0E1 /* libx264.a */,
			);
			path = lib;
			sourceTree = "<group>";
		};
/* End PBXGroup section */

/* Begin PBXNativeTarget section */
		6C7862DE1B997F5F00E3F318 /* LiveRecorder */ = {
			isa = PBXNativeTarget;
			buildConfigurationList = 6C7863021B997F5F00E3F318 /* Build configuration list for PBXNativeTarget "LiveRecorder" */;
			buildPhases = (
				6C7862DB1B997F5F00E3F318 /* Sources */,
				6C7862DC1B997F5F00E3F318 /* Frameworks */,
				6C7862DD1B997F5F00E3F318 /* Resources */,
			);
			buildRules = (
			);
			dependencies = (
			);
			name = LiveRecorder;
			productName = LiveRecorder;
			productReference = 6C7862DF1B997F5F00E3F318 /* LiveRecorder.app */;
			productType = "com.apple.product-type.application";
		};
		6C7862F71B997F5F00E3F318 /* LiveRecorderTests */ = {
			isa = PBXNativeTarget;
			buildConfigurationList = 6C7863051B997F5F00E3F318 /* Build configuration list for PBXNativeTarget "LiveRecorderTests" */;
			buildPhases = (
				6C7862F41B997F5F00E3F318 /* Sources */,
				6C7862F51B997F5F00E3F318 /* Frameworks */,
				6C7862F61B997F5F00E3F318 /* Resources */,
			);
			buildRules = (
			);
			dependencies = (
				6C7862FA1B997F5F00E3F318 /* PBXTargetDependency */,
			);
			name = LiveRecorderTests;
			productName = LiveRecorderTests;
			productReference = 6C7862F81B997F5F00E3F318 /* LiveRecorderTests.xctest */;
			productType = "com.apple.product-type.bundle.unit-test";
		};
/* End PBXNativeTarget section */

/* Begin PBXProject section */
		6C7862D71B997F5F00E3F318 /* Project object */ = {
			isa = PBXProject;
			attributes = {
				LastUpgradeCheck = 0700;
				ORGANIZATIONNAME = "Shengbin Meng";
				TargetAttributes = {
					6C7862DE1B997F5F00E3F318 = {
						CreatedOnToolsVersion = 6.4;
					};
					6C7862F71B997F5F00E3F318 = {
						CreatedOnToolsVersion = 6.4;
						TestTargetID = 6C7862DE1B997F5F00E3F318;
					};
				};
			};
			buildConfigurationList = 6C7862DA1B997F5F00E3F318 /* Build configuration list for PBXProject "LiveRecorder" */;
			compatibilityVersion = "Xcode 3.2";
			developmentRegion = English;
			hasScannedForEncodings = 0;
			knownRegions = (
				en,
				Base,
			);
			mainGroup = 6C7862D61B997F5F00E3F318;
			productRefGroup = 6C7862E01B997F5F00E3F318 /* Products */;
			projectDirPath = "";
			projectRoot = "";
			targets = (
				6C7862DE1B997F5F00E3F318 /* LiveRecorder */,
				6C7862F71B997F5F00E3F318 /* LiveRecorderTests */,
			);
		};
/* End PBXProject section */

/* Begin PBXResourcesBuildPhase section */
		6C7862DD1B997F5F00E3F318 /* Resources */ = {
			isa = PBXResourcesBuildPhase;
			buildActionMask = 2147483647;
			files = (
				6C7862EE1B997F5F00E3F318 /* Main.storyboard in Resources */,
				6C7862F31B997F5F00E3F318 /* LaunchScreen.xib in Resources */,
				6C7862F01B997F5F00E3F318 /* Images.xcassets in Resources */,
			);
			runOnlyForDeploymentPostprocessing = 0;
		};
		6C7862F61B997F5F00E3F318 /* Resources */ = {
			isa = PBXResourcesBuildPhase;
			buildActionMask = 2147483647;
			files = (
			);
			runOnlyForDeploymentPostprocessing = 0;
		};
/* End PBXResourcesBuildPhase section */

/* Begin PBXSourcesBuildPhase section */
		6C7862DB1B997F5F00E3F318 /* Sources */ = {
			isa = PBXSourcesBuildPhase;
			buildActionMask = 2147483647;
			files = (
				6C7862EB1B997F5F00E3F318 /* ViewController.m in Sources */,
				6C50AF811B9D2153000AF626 /* CaptureView.m in Sources */,
				881D080C1BB11CE20028405F /* LiveStreamOutput.m in Sources */,
				6C04CE041BA8005800547392 /* HardwareVideoEncoder.m in Sources */,
				6C78630D1B99842E00E3F318 /* CaptureViewController.m in Sources */,
				6C7862E81B997F5F00E3F318 /* AppDelegate.m in Sources */,
				F78BE23C1BB25F68008FF0E1 /* SoftwareVideoEncoder.m in Sources */,
				6C04CDF71BA6648B00547392 /* CoreRecorder.m in Sources */,
				6C24F2451BA9526300D4A1BF /* RotationAwareNavigationController.m in Sources */,
				6C24F2481BAA55C400D4A1BF /* HardwareAudioEncoder.m in Sources */,
				6C04CDFA1BA664B600547392 /* VideoEncoder.m in Sources */,
				6C04CE001BA7C02100547392 /* AudioEncoder.m in Sources */,
				6C04CDFD1BA7BB4200547392 /* StreamOutput.m in Sources */,
				6C04CE071BA80D4700547392 /* FileStreamOutput.m in Sources */,
				6C7862E51B997F5F00E3F318 /* main.m in Sources */,
			);
			runOnlyForDeploymentPostprocessing = 0;
		};
		6C7862F41B997F5F00E3F318 /* Sources */ = {
			isa = PBXSourcesBuildPhase;
			buildActionMask = 2147483647;
			files = (
				6C7862FF1B997F5F00E3F318 /* LiveRecorderTests.m in Sources */,
			);
			runOnlyForDeploymentPostprocessing = 0;
		};
/* End PBXSourcesBuildPhase section */

/* Begin PBXTargetDependency section */
		6C7862FA1B997F5F00E3F318 /* PBXTargetDependency */ = {
			isa = PBXTargetDependency;
			target = 6C7862DE1B997F5F00E3F318 /* LiveRecorder */;
			targetProxy = 6C7862F91B997F5F00E3F318 /* PBXContainerItemProxy */;
		};
/* End PBXTargetDependency section */

/* Begin PBXVariantGroup section */
		6C7862EC1B997F5F00E3F318 /* Main.storyboard */ = {
			isa = PBXVariantGroup;
			children = (
				6C7862ED1B997F5F00E3F318 /* Base */,
			);
			name = Main.storyboard;
			sourceTree = "<group>";
		};
		6C7862F11B997F5F00E3F318 /* LaunchScreen.xib */ = {
			isa = PBXVariantGroup;
			children = (
				6C7862F21B997F5F00E3F318 /* Base */,
			);
			name = LaunchScreen.xib;
			sourceTree = "<group>";
		};
/* End PBXVariantGroup section */

/* Begin XCBuildConfiguration section */
		6C7863001B997F5F00E3F318 /* Debug */ = {
			isa = XCBuildConfiguration;
			buildSettings = {
				ALWAYS_SEARCH_USER_PATHS = NO;
				CLANG_CXX_LANGUAGE_STANDARD = "gnu++0x";
				CLANG_CXX_LIBRARY = "libc++";
				CLANG_ENABLE_MODULES = YES;
				CLANG_ENABLE_OBJC_ARC = YES;
				CLANG_WARN_BOOL_CONVERSION = YES;
				CLANG_WARN_CONSTANT_CONVERSION = YES;
				CLANG_WARN_DIRECT_OBJC_ISA_USAGE = YES_ERROR;
				CLANG_WARN_EMPTY_BODY = YES;
				CLANG_WARN_ENUM_CONVERSION = YES;
				CLANG_WARN_INT_CONVERSION = YES;
				CLANG_WARN_OBJC_ROOT_CLASS = YES_ERROR;
				CLANG_WARN_UNREACHABLE_CODE = YES;
				CLANG_WARN__DUPLICATE_METHOD_MATCH = YES;
				"CODE_SIGN_IDENTITY[sdk=iphoneos*]" = "iPhone Developer";
				COPY_PHASE_STRIP = NO;
				DEBUG_INFORMATION_FORMAT = "dwarf-with-dsym";
				ENABLE_STRICT_OBJC_MSGSEND = YES;
				ENABLE_TESTABILITY = YES;
				GCC_C_LANGUAGE_STANDARD = gnu99;
				GCC_DYNAMIC_NO_PIC = NO;
				GCC_NO_COMMON_BLOCKS = YES;
				GCC_OPTIMIZATION_LEVEL = 0;
				GCC_PREPROCESSOR_DEFINITIONS = (
					"DEBUG=1",
					"$(inherited)",
				);
				GCC_SYMBOLS_PRIVATE_EXTERN = NO;
				GCC_WARN_64_TO_32_BIT_CONVERSION = YES;
				GCC_WARN_ABOUT_RETURN_TYPE = YES_ERROR;
				GCC_WARN_UNDECLARED_SELECTOR = YES;
				GCC_WARN_UNINITIALIZED_AUTOS = YES_AGGRESSIVE;
				GCC_WARN_UNUSED_FUNCTION = YES;
				GCC_WARN_UNUSED_VARIABLE = YES;
				IPHONEOS_DEPLOYMENT_TARGET = 8.4;
				MTL_ENABLE_DEBUG_INFO = YES;
				ONLY_ACTIVE_ARCH = YES;
				SDKROOT = iphoneos;
				TARGETED_DEVICE_FAMILY = "1,2";
			};
			name = Debug;
		};
		6C7863011B997F5F00E3F318 /* Release */ = {
			isa = XCBuildConfiguration;
			buildSettings = {
				ALWAYS_SEARCH_USER_PATHS = NO;
				CLANG_CXX_LANGUAGE_STANDARD = "gnu++0x";
				CLANG_CXX_LIBRARY = "libc++";
				CLANG_ENABLE_MODULES = YES;
				CLANG_ENABLE_OBJC_ARC = YES;
				CLANG_WARN_BOOL_CONVERSION = YES;
				CLANG_WARN_CONSTANT_CONVERSION = YES;
				CLANG_WARN_DIRECT_OBJC_ISA_USAGE = YES_ERROR;
				CLANG_WARN_EMPTY_BODY = YES;
				CLANG_WARN_ENUM_CONVERSION = YES;
				CLANG_WARN_INT_CONVERSION = YES;
				CLANG_WARN_OBJC_ROOT_CLASS = YES_ERROR;
				CLANG_WARN_UNREACHABLE_CODE = YES;
				CLANG_WARN__DUPLICATE_METHOD_MATCH = YES;
				"CODE_SIGN_IDENTITY[sdk=iphoneos*]" = "iPhone Developer";
				COPY_PHASE_STRIP = NO;
				DEBUG_INFORMATION_FORMAT = "dwarf-with-dsym";
				ENABLE_NS_ASSERTIONS = NO;
				ENABLE_STRICT_OBJC_MSGSEND = YES;
				GCC_C_LANGUAGE_STANDARD = gnu99;
				GCC_NO_COMMON_BLOCKS = YES;
				GCC_WARN_64_TO_32_BIT_CONVERSION = YES;
				GCC_WARN_ABOUT_RETURN_TYPE = YES_ERROR;
				GCC_WARN_UNDECLARED_SELECTOR = YES;
				GCC_WARN_UNINITIALIZED_AUTOS = YES_AGGRESSIVE;
				GCC_WARN_UNUSED_FUNCTION = YES;
				GCC_WARN_UNUSED_VARIABLE = YES;
				IPHONEOS_DEPLOYMENT_TARGET = 8.4;
				MTL_ENABLE_DEBUG_INFO = NO;
				SDKROOT = iphoneos;
				TARGETED_DEVICE_FAMILY = "1,2";
				VALIDATE_PRODUCT = YES;
			};
			name = Release;
		};
		6C7863031B997F5F00E3F318 /* Debug */ = {
			isa = XCBuildConfiguration;
			buildSettings = {
				ASSETCATALOG_COMPILER_APPICON_NAME = AppIcon;
				CODE_SIGN_IDENTITY = "iPhone Developer";
				ENABLE_BITCODE = NO;
				INFOPLIST_FILE = LiveRecorder/Info.plist;
				IPHONEOS_DEPLOYMENT_TARGET = 8.4;
				LD_RUNPATH_SEARCH_PATHS = "$(inherited) @executable_path/Frameworks";
				LIBRARY_SEARCH_PATHS = (
					"$(inherited)",
					"$(PROJECT_DIR)/LiveRecorder/thirdparty/librtmp/lib",
					"$(PROJECT_DIR)/LiveRecorder/thirdparty/libx264/lib",
				);
				ONLY_ACTIVE_ARCH = NO;
				PRODUCT_BUNDLE_IDENTIFIER = "me.shengbin.$(PRODUCT_NAME:rfc1034identifier)";
				PRODUCT_NAME = "$(TARGET_NAME)";
				VALID_ARCHS = armv7;
			};
			name = Debug;
		};
		6C7863041B997F5F00E3F318 /* Release */ = {
			isa = XCBuildConfiguration;
			buildSettings = {
				ASSETCATALOG_COMPILER_APPICON_NAME = AppIcon;
				CODE_SIGN_IDENTITY = "iPhone Developer";
				ENABLE_BITCODE = NO;
				INFOPLIST_FILE = LiveRecorder/Info.plist;
				IPHONEOS_DEPLOYMENT_TARGET = 8.4;
				LD_RUNPATH_SEARCH_PATHS = "$(inherited) @executable_path/Frameworks";
				LIBRARY_SEARCH_PATHS = (
					"$(inherited)",
					"$(PROJECT_DIR)/LiveRecorder/thirdparty/librtmp/lib",
					"$(PROJECT_DIR)/LiveRecorder/thirdparty/libx264/lib",
				);
				ONLY_ACTIVE_ARCH = NO;
				PRODUCT_BUNDLE_IDENTIFIER = "me.shengbin.$(PRODUCT_NAME:rfc1034identifier)";
				PRODUCT_NAME = "$(TARGET_NAME)";
				VALID_ARCHS = armv7;
			};
			name = Release;
		};
		6C7863061B997F5F00E3F318 /* Debug */ = {
			isa = XCBuildConfiguration;
			buildSettings = {
				BUNDLE_LOADER = "$(TEST_HOST)";
				GCC_PREPROCESSOR_DEFINITIONS = (
					"DEBUG=1",
					"$(inherited)",
				);
				INFOPLIST_FILE = LiveRecorderTests/Info.plist;
				LD_RUNPATH_SEARCH_PATHS = "$(inherited) @executable_path/Frameworks @loader_path/Frameworks";
				PRODUCT_BUNDLE_IDENTIFIER = "me.shengbin.$(PRODUCT_NAME:rfc1034identifier)";
				PRODUCT_NAME = "$(TARGET_NAME)";
				TEST_HOST = "$(BUILT_PRODUCTS_DIR)/LiveRecorder.app/LiveRecorder";
			};
			name = Debug;
		};
		6C7863071B997F5F00E3F318 /* Release */ = {
			isa = XCBuildConfiguration;
			buildSettings = {
				BUNDLE_LOADER = "$(TEST_HOST)";
				INFOPLIST_FILE = LiveRecorderTests/Info.plist;
				LD_RUNPATH_SEARCH_PATHS = "$(inherited) @executable_path/Frameworks @loader_path/Frameworks";
				PRODUCT_BUNDLE_IDENTIFIER = "me.shengbin.$(PRODUCT_NAME:rfc1034identifier)";
				PRODUCT_NAME = "$(TARGET_NAME)";
				TEST_HOST = "$(BUILT_PRODUCTS_DIR)/LiveRecorder.app/LiveRecorder";
			};
			name = Release;
		};
/* End XCBuildConfiguration section */

/* Begin XCConfigurationList section */
		6C7862DA1B997F5F00E3F318 /* Build configuration list for PBXProject "LiveRecorder" */ = {
			isa = XCConfigurationList;
			buildConfigurations = (
				6C7863001B997F5F00E3F318 /* Debug */,
				6C7863011B997F5F00E3F318 /* Release */,
			);
			defaultConfigurationIsVisible = 0;
			defaultConfigurationName = Release;
		};
		6C7863021B997F5F00E3F318 /* Build configuration list for PBXNativeTarget "LiveRecorder" */ = {
			isa = XCConfigurationList;
			buildConfigurations = (
				6C7863031B997F5F00E3F318 /* Debug */,
				6C7863041B997F5F00E3F318 /* Release */,
			);
			defaultConfigurationIsVisible = 0;
			defaultConfigurationName = Release;
		};
		6C7863051B997F5F00E3F318 /* Build configuration list for PBXNativeTarget "LiveRecorderTests" */ = {
			isa = XCConfigurationList;
			buildConfigurations = (
				6C7863061B997F5F00E3F318 /* Debug */,
				6C7863071B997F5F00E3F318 /* Release */,
			);
			defaultConfigurationIsVisible = 0;
			defaultConfigurationName = Release;
		};
/* End XCConfigurationList section */
	};
	rootObject = 6C7862D71B997F5F00E3F318 /* Project object */;
}
